
Microsoft Visual Studio Solution File, Format Version 12.00
# Visual Studio Version 17
VisualStudioVersion = 17.8.34511.84
MinimumVisualStudioVersion = 10.0.40219.1
Project("{FAE04EC0-301F-11D3-BF4B-00C04F79EFBC}") = "PROJECT", "PROJECT.csproj", "{D9ECADBE-356B-47CF-AB51-995B07BAF4AA}"
EndProject
Global
	GlobalSection(SolutionConfigurationPlatforms) = preSolution
		Debug|Any CPU = Debug|Any CPU
		Release|Any CPU = Release|Any CPU
	EndGlobalSection
	GlobalSection(ProjectConfigurationPlatforms) = postSolution
		{D9ECADBE-356B-47CF-AB51-995B07BAF4AA}.Debug|Any CPU.ActiveCfg = Debug|Any CPU
		{D9ECADBE-356B-47CF-AB51-995B07BAF4AA}.Debug|Any CPU.Build.0 = Debug|Any CPU
		{D9ECADBE-356B-47CF-AB51-995B07BAF4AA}.Release|Any CPU.ActiveCfg = Release|Any CPU
		{D9ECADBE-356B-47CF-AB51-995B07BAF4AA}.Release|Any CPU.Build.0 = Release|Any CPU
	EndGlobalSection
	GlobalSection(SolutionProperties) = preSolution
		HideSolutionNode = FALSE
	EndGlobalSection
	GlobalSection(ExtensibilityGlobals) = postSolution
		SolutionGuid = {B1DB5D59-8701-4EC8-B9C3-78738587534B}
	EndGlobalSection
EndGlobal
